
Microsoft Visual Studio Solution File, Format Version 12.00
# Visual Studio 14
VisualStudioVersion = 14.0.25420.1
MinimumVisualStudioVersion = 10.0.40219.1
Project("{FAE04EC0-301F-11D3-BF4B-00C04F79EFBC}") = "RabbitNativeClient", "RabbitNativeClient\RabbitNativeClient.csproj", "{F923DC3D-BB21-4FE9-87AB-9FC07ED5612F}"
EndProject
Project("{FAE04EC0-301F-11D3-BF4B-00C04F79EFBC}") = "NSBEndpoint", "NSBEndpoint\NSBEndpoint.csproj", "{FA2B44F8-27B4-4606-B4B1-D8D6802B6497}"
EndProject
Project("{FAE04EC0-301F-11D3-BF4B-00C04F79EFBC}") = "Messages", "Messages\Messages.csproj", "{BCF32D4B-CFCF-4F84-8929-D2A2D3DF4175}"
EndProject
Global
	GlobalSection(SolutionConfigurationPlatforms) = preSolution
		Debug|Any CPU = Debug|Any CPU
		Release|Any CPU = Release|Any CPU
	EndGlobalSection
	GlobalSection(ProjectConfigurationPlatforms) = postSolution
		{F923DC3D-BB21-4FE9-87AB-9FC07ED5612F}.Debug|Any CPU.ActiveCfg = Debug|Any CPU
		{F923DC3D-BB21-4FE9-87AB-9FC07ED5612F}.Debug|Any CPU.Build.0 = Debug|Any CPU
		{F923DC3D-BB21-4FE9-87AB-9FC07ED5612F}.Release|Any CPU.ActiveCfg = Release|Any CPU
		{F923DC3D-BB21-4FE9-87AB-9FC07ED5612F}.Release|Any CPU.Build.0 = Release|Any CPU
		{FA2B44F8-27B4-4606-B4B1-D8D6802B6497}.Debug|Any CPU.ActiveCfg = Debug|Any CPU
		{FA2B44F8-27B4-4606-B4B1-D8D6802B6497}.Debug|Any CPU.Build.0 = Debug|Any CPU
		{FA2B44F8-27B4-4606-B4B1-D8D6802B6497}.Release|Any CPU.ActiveCfg = Release|Any CPU
		{FA2B44F8-27B4-4606-B4B1-D8D6802B6497}.Release|Any CPU.Build.0 = Release|Any CPU
		{BCF32D4B-CFCF-4F84-8929-D2A2D3DF4175}.Debug|Any CPU.ActiveCfg = Debug|Any CPU
		{BCF32D4B-CFCF-4F84-8929-D2A2D3DF4175}.Debug|Any CPU.Build.0 = Debug|Any CPU
		{BCF32D4B-CFCF-4F84-8929-D2A2D3DF4175}.Release|Any CPU.ActiveCfg = Release|Any CPU
		{BCF32D4B-CFCF-4F84-8929-D2A2D3DF4175}.Release|Any CPU.Build.0 = Release|Any CPU
	EndGlobalSection
	GlobalSection(SolutionProperties) = preSolution
		HideSolutionNode = FALSE
	EndGlobalSection
EndGlobal
