
Microsoft Visual Studio Solution File, Format Version 12.00
# Visual Studio 14
VisualStudioVersion = 14.0.25420.1
MinimumVisualStudioVersion = 10.0.40219.1
Project("{FAE04EC0-301F-11D3-BF4B-00C04F79EFBC}") = "ClientUI", "ClientUI\ClientUI.csproj", "{ABD5CF24-A84F-4B32-89BD-2C182F779BE0}"
EndProject
Project("{FAE04EC0-301F-11D3-BF4B-00C04F79EFBC}") = "Messages", "Messages\Messages.csproj", "{4AF0D65B-F664-46D3-BDA9-F9858F818C2C}"
EndProject
Project("{FAE04EC0-301F-11D3-BF4B-00C04F79EFBC}") = "Sales", "Sales\Sales.csproj", "{69A6DE71-C46D-4ACF-B736-7F802A105559}"
EndProject
Global
	GlobalSection(SolutionConfigurationPlatforms) = preSolution
		Debug|Any CPU = Debug|Any CPU
		Release|Any CPU = Release|Any CPU
	EndGlobalSection
	GlobalSection(ProjectConfigurationPlatforms) = postSolution
		{ABD5CF24-A84F-4B32-89BD-2C182F779BE0}.Debug|Any CPU.ActiveCfg = Debug|Any CPU
		{ABD5CF24-A84F-4B32-89BD-2C182F779BE0}.Debug|Any CPU.Build.0 = Debug|Any CPU
		{ABD5CF24-A84F-4B32-89BD-2C182F779BE0}.Release|Any CPU.ActiveCfg = Release|Any CPU
		{ABD5CF24-A84F-4B32-89BD-2C182F779BE0}.Release|Any CPU.Build.0 = Release|Any CPU
		{4AF0D65B-F664-46D3-BDA9-F9858F818C2C}.Debug|Any CPU.ActiveCfg = Debug|Any CPU
		{4AF0D65B-F664-46D3-BDA9-F9858F818C2C}.Debug|Any CPU.Build.0 = Debug|Any CPU
		{4AF0D65B-F664-46D3-BDA9-F9858F818C2C}.Release|Any CPU.ActiveCfg = Release|Any CPU
		{4AF0D65B-F664-46D3-BDA9-F9858F818C2C}.Release|Any CPU.Build.0 = Release|Any CPU
		{69A6DE71-C46D-4ACF-B736-7F802A105559}.Debug|Any CPU.ActiveCfg = Debug|Any CPU
		{69A6DE71-C46D-4ACF-B736-7F802A105559}.Debug|Any CPU.Build.0 = Debug|Any CPU
		{69A6DE71-C46D-4ACF-B736-7F802A105559}.Release|Any CPU.ActiveCfg = Release|Any CPU
		{69A6DE71-C46D-4ACF-B736-7F802A105559}.Release|Any CPU.Build.0 = Release|Any CPU
	EndGlobalSection
	GlobalSection(SolutionProperties) = preSolution
		HideSolutionNode = FALSE
	EndGlobalSection
EndGlobal
