
Microsoft Visual Studio Solution File, Format Version 12.00
# Visual Studio 15
VisualStudioVersion = 15.0.27130.2010
MinimumVisualStudioVersion = 10.0.40219.1
Project("{FAE04EC0-301F-11D3-BF4B-00C04F79EFBC}") = "TestSwagger", "TestSwagger\TestSwagger.csproj", "{AE964447-7D86-4F36-B066-EA051AC7426C}"
EndProject
Project("{E53339B2-1760-4266-BCC7-CA923CBCF16C}") = "docker-compose", "docker-compose.dcproj", "{415CC077-1E72-488E-AD38-6782B0693F89}"
EndProject
Global
	GlobalSection(SolutionConfigurationPlatforms) = preSolution
		Debug|Any CPU = Debug|Any CPU
		Release|Any CPU = Release|Any CPU
	EndGlobalSection
	GlobalSection(ProjectConfigurationPlatforms) = postSolution
		{AE964447-7D86-4F36-B066-EA051AC7426C}.Debug|Any CPU.ActiveCfg = Debug|Any CPU
		{AE964447-7D86-4F36-B066-EA051AC7426C}.Debug|Any CPU.Build.0 = Debug|Any CPU
		{AE964447-7D86-4F36-B066-EA051AC7426C}.Release|Any CPU.ActiveCfg = Release|Any CPU
		{AE964447-7D86-4F36-B066-EA051AC7426C}.Release|Any CPU.Build.0 = Release|Any CPU
		{415CC077-1E72-488E-AD38-6782B0693F89}.Debug|Any CPU.ActiveCfg = Debug|Any CPU
		{415CC077-1E72-488E-AD38-6782B0693F89}.Debug|Any CPU.Build.0 = Debug|Any CPU
		{415CC077-1E72-488E-AD38-6782B0693F89}.Release|Any CPU.ActiveCfg = Release|Any CPU
		{415CC077-1E72-488E-AD38-6782B0693F89}.Release|Any CPU.Build.0 = Release|Any CPU
	EndGlobalSection
	GlobalSection(SolutionProperties) = preSolution
		HideSolutionNode = FALSE
	EndGlobalSection
	GlobalSection(ExtensibilityGlobals) = postSolution
		SolutionGuid = {4CAD2B16-EEBF-4853-93A6-14D558A2B7DE}
	EndGlobalSection
EndGlobal
