
Microsoft Visual Studio Solution File, Format Version 12.00
# Visual Studio 14
VisualStudioVersion = 14.0.25420.1
MinimumVisualStudioVersion = 10.0.40219.1
Project("{FAE04EC0-301F-11D3-BF4B-00C04F79EFBC}") = "OWIN.WebAPI.SelfHostConsole", "..\OWIN.WebAPI.SelfHostConsole\OWIN.WebAPI.SelfHostConsole.csproj", "{3C064681-AC36-4327-A8E5-4C31F742720D}"
EndProject
Project("{FAE04EC0-301F-11D3-BF4B-00C04F79EFBC}") = "WebAPI.Empty.ServiceBus", "WebAPI.Empty.ServiceBus\WebAPI.Empty.ServiceBus.csproj", "{B0A962CA-2F78-4ED8-9D41-E53889D6F68F}"
EndProject
Project("{FAE04EC0-301F-11D3-BF4B-00C04F79EFBC}") = "Bus.Messages", "Bus.Messages\Bus.Messages.csproj", "{E9651EF6-BBE6-4AA1-8045-9D22CEB53821}"
EndProject
Global
	GlobalSection(SolutionConfigurationPlatforms) = preSolution
		Debug|Any CPU = Debug|Any CPU
		Release|Any CPU = Release|Any CPU
	EndGlobalSection
	GlobalSection(ProjectConfigurationPlatforms) = postSolution
		{3C064681-AC36-4327-A8E5-4C31F742720D}.Debug|Any CPU.ActiveCfg = Debug|Any CPU
		{3C064681-AC36-4327-A8E5-4C31F742720D}.Debug|Any CPU.Build.0 = Debug|Any CPU
		{3C064681-AC36-4327-A8E5-4C31F742720D}.Release|Any CPU.ActiveCfg = Release|Any CPU
		{3C064681-AC36-4327-A8E5-4C31F742720D}.Release|Any CPU.Build.0 = Release|Any CPU
		{B0A962CA-2F78-4ED8-9D41-E53889D6F68F}.Debug|Any CPU.ActiveCfg = Debug|Any CPU
		{B0A962CA-2F78-4ED8-9D41-E53889D6F68F}.Debug|Any CPU.Build.0 = Debug|Any CPU
		{B0A962CA-2F78-4ED8-9D41-E53889D6F68F}.Release|Any CPU.ActiveCfg = Release|Any CPU
		{B0A962CA-2F78-4ED8-9D41-E53889D6F68F}.Release|Any CPU.Build.0 = Release|Any CPU
		{E9651EF6-BBE6-4AA1-8045-9D22CEB53821}.Debug|Any CPU.ActiveCfg = Debug|Any CPU
		{E9651EF6-BBE6-4AA1-8045-9D22CEB53821}.Debug|Any CPU.Build.0 = Debug|Any CPU
		{E9651EF6-BBE6-4AA1-8045-9D22CEB53821}.Release|Any CPU.ActiveCfg = Release|Any CPU
		{E9651EF6-BBE6-4AA1-8045-9D22CEB53821}.Release|Any CPU.Build.0 = Release|Any CPU
	EndGlobalSection
	GlobalSection(SolutionProperties) = preSolution
		HideSolutionNode = FALSE
	EndGlobalSection
EndGlobal
