
Microsoft Visual Studio Solution File, Format Version 12.00
# Visual Studio 14
VisualStudioVersion = 14.0.25420.1
MinimumVisualStudioVersion = 10.0.40219.1
Project("{FAE04EC0-301F-11D3-BF4B-00C04F79EFBC}") = "OWIN.Test", "OWIN.Test\OWIN.Test.csproj", "{AF17703E-A758-40EB-AF9A-CAA8B7ACA846}"
EndProject
Project("{FAE04EC0-301F-11D3-BF4B-00C04F79EFBC}") = "OWIN.Host.ConsoleApp", "OWIN.Host.ConsoleApp\OWIN.Host.ConsoleApp.csproj", "{E22F14D3-6B8C-447C-88A3-9116C3D1E9D0}"
EndProject
Global
	GlobalSection(SolutionConfigurationPlatforms) = preSolution
		Debug|Any CPU = Debug|Any CPU
		Release|Any CPU = Release|Any CPU
	EndGlobalSection
	GlobalSection(ProjectConfigurationPlatforms) = postSolution
		{AF17703E-A758-40EB-AF9A-CAA8B7ACA846}.Debug|Any CPU.ActiveCfg = Debug|Any CPU
		{AF17703E-A758-40EB-AF9A-CAA8B7ACA846}.Debug|Any CPU.Build.0 = Debug|Any CPU
		{AF17703E-A758-40EB-AF9A-CAA8B7ACA846}.Release|Any CPU.ActiveCfg = Release|Any CPU
		{AF17703E-A758-40EB-AF9A-CAA8B7ACA846}.Release|Any CPU.Build.0 = Release|Any CPU
		{E22F14D3-6B8C-447C-88A3-9116C3D1E9D0}.Debug|Any CPU.ActiveCfg = Debug|Any CPU
		{E22F14D3-6B8C-447C-88A3-9116C3D1E9D0}.Debug|Any CPU.Build.0 = Debug|Any CPU
		{E22F14D3-6B8C-447C-88A3-9116C3D1E9D0}.Release|Any CPU.ActiveCfg = Release|Any CPU
		{E22F14D3-6B8C-447C-88A3-9116C3D1E9D0}.Release|Any CPU.Build.0 = Release|Any CPU
	EndGlobalSection
	GlobalSection(SolutionProperties) = preSolution
		HideSolutionNode = FALSE
	EndGlobalSection
EndGlobal
